// !$*UTF8*$!
{
	archiveVersion = 1;
	classes = {
	};
	objectVersion = 55;
	objects = {

/* Begin PBXBuildFile section */
		3150FCE8C603C884FBEDDB49 /* Pods_theMoviesApp.framework in Frameworks */ = {isa = PBXBuildFile; fileRef = D6EBAA404E5BF93F012A9D6B /* Pods_theMoviesApp.framework */; };
		427A9FF1288ECA25005FC046 /* AppDelegate.swift in Sources */ = {isa = PBXBuildFile; fileRef = 427A9FF0288ECA25005FC046 /* AppDelegate.swift */; };
		427A9FF3288ECA25005FC046 /* SceneDelegate.swift in Sources */ = {isa = PBXBuildFile; fileRef = 427A9FF2288ECA25005FC046 /* SceneDelegate.swift */; };
		427A9FFA288ECA27005FC046 /* Assets.xcassets in Resources */ = {isa = PBXBuildFile; fileRef = 427A9FF9288ECA27005FC046 /* Assets.xcassets */; };
		427A9FFD288ECA27005FC046 /* LaunchScreen.storyboard in Resources */ = {isa = PBXBuildFile; fileRef = 427A9FFB288ECA27005FC046 /* LaunchScreen.storyboard */; };
		427AA00B288ECB56005FC046 /* HomeView.swift in Sources */ = {isa = PBXBuildFile; fileRef = 427AA009288ECB56005FC046 /* HomeView.swift */; };
		427AA00C288ECB56005FC046 /* HomeView.xib in Resources */ = {isa = PBXBuildFile; fileRef = 427AA00A288ECB56005FC046 /* HomeView.xib */; };
		427AA010288ECC37005FC046 /* HomeRouter.swift in Sources */ = {isa = PBXBuildFile; fileRef = 427AA00F288ECC37005FC046 /* HomeRouter.swift */; };
		427AA014288ECE06005FC046 /* HomeViewModel.swift in Sources */ = {isa = PBXBuildFile; fileRef = 427AA013288ECE06005FC046 /* HomeViewModel.swift */; };
		427AA017288ED496005FC046 /* Constants.swift in Sources */ = {isa = PBXBuildFile; fileRef = 427AA016288ED496005FC046 /* Constants.swift */; };
		427AA01A288EE3DF005FC046 /* ManagerConnections.swift in Sources */ = {isa = PBXBuildFile; fileRef = 427AA019288EE3DF005FC046 /* ManagerConnections.swift */; };
		427AA01C288EE4DF005FC046 /* Movies.swift in Sources */ = {isa = PBXBuildFile; fileRef = 427AA01B288EE4DF005FC046 /* Movies.swift */; };
		427AA01F288EF96A005FC046 /* CustomMovieCell.swift in Sources */ = {isa = PBXBuildFile; fileRef = 427AA01D288EF96A005FC046 /* CustomMovieCell.swift */; };
		427AA020288EF96A005FC046 /* CustomMovieCell.xib in Resources */ = {isa = PBXBuildFile; fileRef = 427AA01E288EF96A005FC046 /* CustomMovieCell.xib */; };
		427AA023288F0831005FC046 /* Extensions.swift in Sources */ = {isa = PBXBuildFile; fileRef = 427AA022288F0831005FC046 /* Extensions.swift */; };
		427AA026288F3092005FC046 /* DetailView.swift in Sources */ = {isa = PBXBuildFile; fileRef = 427AA024288F3092005FC046 /* DetailView.swift */; };
		427AA027288F3092005FC046 /* DetailView.xib in Resources */ = {isa = PBXBuildFile; fileRef = 427AA025288F3092005FC046 /* DetailView.xib */; };
		427AA02A288F35A2005FC046 /* DetailViewModel.swift in Sources */ = {isa = PBXBuildFile; fileRef = 427AA029288F35A2005FC046 /* DetailViewModel.swift */; };
		427AA02C288F3738005FC046 /* DetailRouter.swift in Sources */ = {isa = PBXBuildFile; fileRef = 427AA02B288F3738005FC046 /* DetailRouter.swift */; };
		427AA02E288F383F005FC046 /* MovieDetail.swift in Sources */ = {isa = PBXBuildFile; fileRef = 427AA02D288F383F005FC046 /* MovieDetail.swift */; };
/* End PBXBuildFile section */

/* Begin PBXFileReference section */
		427A9FED288ECA25005FC046 /* theMoviesApp.app */ = {isa = PBXFileReference; explicitFileType = wrapper.application; includeInIndex = 0; path = theMoviesApp.app; sourceTree = BUILT_PRODUCTS_DIR; };
		427A9FF0288ECA25005FC046 /* AppDelegate.swift */ = {isa = PBXFileReference; lastKnownFileType = sourcecode.swift; path = AppDelegate.swift; sourceTree = "<group>"; };
		427A9FF2288ECA25005FC046 /* SceneDelegate.swift */ = {isa = PBXFileReference; lastKnownFileType = sourcecode.swift; path = SceneDelegate.swift; sourceTree = "<group>"; };
		427A9FF9288ECA27005FC046 /* Assets.xcassets */ = {isa = PBXFileReference; lastKnownFileType = folder.assetcatalog; path = Assets.xcassets; sourceTree = "<group>"; };
		427A9FFC288ECA27005FC046 /* Base */ = {isa = PBXFileReference; lastKnownFileType = file.storyboard; name = Base; path = Base.lproj/LaunchScreen.storyboard; sourceTree = "<group>"; };
		427A9FFE288ECA27005FC046 /* Info.plist */ = {isa = PBXFileReference; lastKnownFileType = text.plist.xml; path = Info.plist; sourceTree = "<group>"; };
		427AA009288ECB56005FC046 /* HomeView.swift */ = {isa = PBXFileReference; lastKnownFileType = sourcecode.swift; path = HomeView.swift; sourceTree = "<group>"; };
		427AA00A288ECB56005FC046 /* HomeView.xib */ = {isa = PBXFileReference; lastKnownFileType = file.xib; path = HomeView.xib; sourceTree = "<group>"; };
		427AA00F288ECC37005FC046 /* HomeRouter.swift */ = {isa = PBXFileReference; lastKnownFileType = sourcecode.swift; path = HomeRouter.swift; sourceTree = "<group>"; };
		427AA013288ECE06005FC046 /* HomeViewModel.swift */ = {isa = PBXFileReference; lastKnownFileType = sourcecode.swift; path = HomeViewModel.swift; sourceTree = "<group>"; };
		427AA016288ED496005FC046 /* Constants.swift */ = {isa = PBXFileReference; lastKnownFileType = sourcecode.swift; path = Constants.swift; sourceTree = "<group>"; };
		427AA019288EE3DF005FC046 /* ManagerConnections.swift */ = {isa = PBXFileReference; lastKnownFileType = sourcecode.swift; path = ManagerConnections.swift; sourceTree = "<group>"; };
		427AA01B288EE4DF005FC046 /* Movies.swift */ = {isa = PBXFileReference; lastKnownFileType = sourcecode.swift; path = Movies.swift; sourceTree = "<group>"; };
		427AA01D288EF96A005FC046 /* CustomMovieCell.swift */ = {isa = PBXFileReference; lastKnownFileType = sourcecode.swift; path = CustomMovieCell.swift; sourceTree = "<group>"; };
		427AA01E288EF96A005FC046 /* CustomMovieCell.xib */ = {isa = PBXFileReference; lastKnownFileType = file.xib; path = CustomMovieCell.xib; sourceTree = "<group>"; };
		427AA022288F0831005FC046 /* Extensions.swift */ = {isa = PBXFileReference; lastKnownFileType = sourcecode.swift; path = Extensions.swift; sourceTree = "<group>"; };
		427AA024288F3092005FC046 /* DetailView.swift */ = {isa = PBXFileReference; lastKnownFileType = sourcecode.swift; path = DetailView.swift; sourceTree = "<group>"; };
		427AA025288F3092005FC046 /* DetailView.xib */ = {isa = PBXFileReference; lastKnownFileType = file.xib; path = DetailView.xib; sourceTree = "<group>"; };
		427AA029288F35A2005FC046 /* DetailViewModel.swift */ = {isa = PBXFileReference; lastKnownFileType = sourcecode.swift; path = DetailViewModel.swift; sourceTree = "<group>"; };
		427AA02B288F3738005FC046 /* DetailRouter.swift */ = {isa = PBXFileReference; lastKnownFileType = sourcecode.swift; path = DetailRouter.swift; sourceTree = "<group>"; };
		427AA02D288F383F005FC046 /* MovieDetail.swift */ = {isa = PBXFileReference; lastKnownFileType = sourcecode.swift; path = MovieDetail.swift; sourceTree = "<group>"; };
		5A1FFADFD12EB95645A5967C /* Pods-theMoviesApp.release.xcconfig */ = {isa = PBXFileReference; includeInIndex = 1; lastKnownFileType = text.xcconfig; name = "Pods-theMoviesApp.release.xcconfig"; path = "Target Support Files/Pods-theMoviesApp/Pods-theMoviesApp.release.xcconfig"; sourceTree = "<group>"; };
		9F0DD458548D310FAAC13E48 /* Pods-theMoviesApp.debug.xcconfig */ = {isa = PBXFileReference; includeInIndex = 1; lastKnownFileType = text.xcconfig; name = "Pods-theMoviesApp.debug.xcconfig"; path = "Target Support Files/Pods-theMoviesApp/Pods-theMoviesApp.debug.xcconfig"; sourceTree = "<group>"; };
		D6EBAA404E5BF93F012A9D6B /* Pods_theMoviesApp.framework */ = {isa = PBXFileReference; explicitFileType = wrapper.framework; includeInIndex = 0; path = Pods_theMoviesApp.framework; sourceTree = BUILT_PRODUCTS_DIR; };
/* End PBXFileReference section */

/* Begin PBXFrameworksBuildPhase section */
		427A9FEA288ECA25005FC046 /* Frameworks */ = {
			isa = PBXFrameworksBuildPhase;
			buildActionMask = 2147483647;
			files = (
				3150FCE8C603C884FBEDDB49 /* Pods_theMoviesApp.framework in Frameworks */,
			);
			runOnlyForDeploymentPostprocessing = 0;
		};
/* End PBXFrameworksBuildPhase section */

/* Begin PBXGroup section */
		427A9FE4288ECA25005FC046 = {
			isa = PBXGroup;
			children = (
				427A9FEF288ECA25005FC046 /* theMoviesApp */,
				427A9FEE288ECA25005FC046 /* Products */,
				BFB46C8A841EC6265FE12AF2 /* Pods */,
				87D5F6C7218DB8B4CDC9CF5B /* Frameworks */,
			);
			sourceTree = "<group>";
		};
		427A9FEE288ECA25005FC046 /* Products */ = {
			isa = PBXGroup;
			children = (
				427A9FED288ECA25005FC046 /* theMoviesApp.app */,
			);
			name = Products;
			sourceTree = "<group>";
		};
		427A9FEF288ECA25005FC046 /* theMoviesApp */ = {
			isa = PBXGroup;
			children = (
				427A9FF0288ECA25005FC046 /* AppDelegate.swift */,
				427A9FF2288ECA25005FC046 /* SceneDelegate.swift */,
				427AA005288ECA51005FC046 /* Home */,
				427AA006288ECA5C005FC046 /* DetailView */,
				427AA015288ED44B005FC046 /* Resources */,
				427A9FF9288ECA27005FC046 /* Assets.xcassets */,
				427A9FFB288ECA27005FC046 /* LaunchScreen.storyboard */,
				427A9FFE288ECA27005FC046 /* Info.plist */,
				427AA018288EE37D005FC046 /* NetworkManager */,
			);
			path = theMoviesApp;
			sourceTree = "<group>";
		};
		427AA005288ECA51005FC046 /* Home */ = {
			isa = PBXGroup;
			children = (
				427AA012288ECDB3005FC046 /* Model */,
				427AA00D288ECBFA005FC046 /* View */,
				427AA011288ECD91005FC046 /* ViewModel */,
				427AA00E288ECC0E005FC046 /* Router */,
			);
			path = Home;
			sourceTree = "<group>";
		};
		427AA006288ECA5C005FC046 /* DetailView */ = {
			isa = PBXGroup;
			children = (
				427AA028288F3587005FC046 /* View */,
				427AA029288F35A2005FC046 /* DetailViewModel.swift */,
				427AA02B288F3738005FC046 /* DetailRouter.swift */,
				427AA02D288F383F005FC046 /* MovieDetail.swift */,
			);
			path = DetailView;
			sourceTree = "<group>";
		};
		427AA00D288ECBFA005FC046 /* View */ = {
			isa = PBXGroup;
			children = (
				427AA009288ECB56005FC046 /* HomeView.swift */,
				427AA00A288ECB56005FC046 /* HomeView.xib */,
				427AA01D288EF96A005FC046 /* CustomMovieCell.swift */,
				427AA01E288EF96A005FC046 /* CustomMovieCell.xib */,
			);
			path = View;
			sourceTree = "<group>";
		};
		427AA00E288ECC0E005FC046 /* Router */ = {
			isa = PBXGroup;
			children = (
				427AA00F288ECC37005FC046 /* HomeRouter.swift */,
			);
			path = Router;
			sourceTree = "<group>";
		};
		427AA011288ECD91005FC046 /* ViewModel */ = {
			isa = PBXGroup;
			children = (
				427AA013288ECE06005FC046 /* HomeViewModel.swift */,
			);
			path = ViewModel;
			sourceTree = "<group>";
		};
		427AA012288ECDB3005FC046 /* Model */ = {
			isa = PBXGroup;
			children = (
				427AA01B288EE4DF005FC046 /* Movies.swift */,
			);
			path = Model;
			sourceTree = "<group>";
		};
		427AA015288ED44B005FC046 /* Resources */ = {
			isa = PBXGroup;
			children = (
				427AA021288F07D4005FC046 /* Extensions */,
				427AA016288ED496005FC046 /* Constants.swift */,
			);
			path = Resources;
			sourceTree = "<group>";
		};
		427AA018288EE37D005FC046 /* NetworkManager */ = {
			isa = PBXGroup;
			children = (
				427AA019288EE3DF005FC046 /* ManagerConnections.swift */,
			);
			path = NetworkManager;
			sourceTree = "<group>";
		};
		427AA021288F07D4005FC046 /* Extensions */ = {
			isa = PBXGroup;
			children = (
				427AA022288F0831005FC046 /* Extensions.swift */,
			);
			path = Extensions;
			sourceTree = "<group>";
		};
		427AA028288F3587005FC046 /* View */ = {
			isa = PBXGroup;
			children = (
				427AA024288F3092005FC046 /* DetailView.swift */,
				427AA025288F3092005FC046 /* DetailView.xib */,
			);
			path = View;
			sourceTree = "<group>";
		};
		87D5F6C7218DB8B4CDC9CF5B /* Frameworks */ = {
			isa = PBXGroup;
			children = (
				D6EBAA404E5BF93F012A9D6B /* Pods_theMoviesApp.framework */,
			);
			name = Frameworks;
			sourceTree = "<group>";
		};
		BFB46C8A841EC6265FE12AF2 /* Pods */ = {
			isa = PBXGroup;
			children = (
				9F0DD458548D310FAAC13E48 /* Pods-theMoviesApp.debug.xcconfig */,
				5A1FFADFD12EB95645A5967C /* Pods-theMoviesApp.release.xcconfig */,
			);
			path = Pods;
			sourceTree = "<group>";
		};
/* End PBXGroup section */

/* Begin PBXNativeTarget section */
		427A9FEC288ECA25005FC046 /* theMoviesApp */ = {
			isa = PBXNativeTarget;
			buildConfigurationList = 427AA001288ECA27005FC046 /* Build configuration list for PBXNativeTarget "theMoviesApp" */;
			buildPhases = (
				53CF3AAD2998B7FBE14FD996 /* [CP] Check Pods Manifest.lock */,
				427A9FE9288ECA25005FC046 /* Sources */,
				427A9FEA288ECA25005FC046 /* Frameworks */,
				427A9FEB288ECA25005FC046 /* Resources */,
				8147A6F1F635673C1A5DF963 /* [CP] Embed Pods Frameworks */,
			);
			buildRules = (
			);
			dependencies = (
			);
			name = theMoviesApp;
			productName = theMoviesApp;
			productReference = 427A9FED288ECA25005FC046 /* theMoviesApp.app */;
			productType = "com.apple.product-type.application";
		};
/* End PBXNativeTarget section */

/* Begin PBXProject section */
		427A9FE5288ECA25005FC046 /* Project object */ = {
			isa = PBXProject;
			attributes = {
				BuildIndependentTargetsInParallel = 1;
				LastSwiftUpdateCheck = 1340;
				LastUpgradeCheck = 1340;
				TargetAttributes = {
					427A9FEC288ECA25005FC046 = {
						CreatedOnToolsVersion = 13.4.1;
					};
				};
			};
			buildConfigurationList = 427A9FE8288ECA25005FC046 /* Build configuration list for PBXProject "theMoviesApp" */;
			compatibilityVersion = "Xcode 13.0";
			developmentRegion = en;
			hasScannedForEncodings = 0;
			knownRegions = (
				en,
				Base,
			);
			mainGroup = 427A9FE4288ECA25005FC046;
			productRefGroup = 427A9FEE288ECA25005FC046 /* Products */;
			projectDirPath = "";
			projectRoot = "";
			targets = (
				427A9FEC288ECA25005FC046 /* theMoviesApp */,
			);
		};
/* End PBXProject section */

/* Begin PBXResourcesBuildPhase section */
		427A9FEB288ECA25005FC046 /* Resources */ = {
			isa = PBXResourcesBuildPhase;
			buildActionMask = 2147483647;
			files = (
				427A9FFD288ECA27005FC046 /* LaunchScreen.storyboard in Resources */,
				427A9FFA288ECA27005FC046 /* Assets.xcassets in Resources */,
				427AA00C288ECB56005FC046 /* HomeView.xib in Resources */,
				427AA020288EF96A005FC046 /* CustomMovieCell.xib in Resources */,
				427AA027288F3092005FC046 /* DetailView.xib in Resources */,
			);
			runOnlyForDeploymentPostprocessing = 0;
		};
/* End PBXResourcesBuildPhase section */

/* Begin PBXShellScriptBuildPhase section */
		53CF3AAD2998B7FBE14FD996 /* [CP] Check Pods Manifest.lock */ = {
			isa = PBXShellScriptBuildPhase;
			buildActionMask = 2147483647;
			files = (
			);
			inputFileListPaths = (
			);
			inputPaths = (
				"${PODS_PODFILE_DIR_PATH}/Podfile.lock",
				"${PODS_ROOT}/Manifest.lock",
			);
			name = "[CP] Check Pods Manifest.lock";
			outputFileListPaths = (
			);
			outputPaths = (
				"$(DERIVED_FILE_DIR)/Pods-theMoviesApp-checkManifestLockResult.txt",
			);
			runOnlyForDeploymentPostprocessing = 0;
			shellPath = /bin/sh;
			shellScript = "diff \"${PODS_PODFILE_DIR_PATH}/Podfile.lock\" \"${PODS_ROOT}/Manifest.lock\" > /dev/null\nif [ $? != 0 ] ; then\n    # print error to STDERR\n    echo \"error: The sandbox is not in sync with the Podfile.lock. Run 'pod install' or update your CocoaPods installation.\" >&2\n    exit 1\nfi\n# This output is used by Xcode 'outputs' to avoid re-running this script phase.\necho \"SUCCESS\" > \"${SCRIPT_OUTPUT_FILE_0}\"\n";
			showEnvVarsInLog = 0;
		};
		8147A6F1F635673C1A5DF963 /* [CP] Embed Pods Frameworks */ = {
			isa = PBXShellScriptBuildPhase;
			buildActionMask = 2147483647;
			files = (
			);
			inputFileListPaths = (
				"${PODS_ROOT}/Target Support Files/Pods-theMoviesApp/Pods-theMoviesApp-frameworks-${CONFIGURATION}-input-files.xcfilelist",
			);
			name = "[CP] Embed Pods Frameworks";
			outputFileListPaths = (
				"${PODS_ROOT}/Target Support Files/Pods-theMoviesApp/Pods-theMoviesApp-frameworks-${CONFIGURATION}-output-files.xcfilelist",
			);
			runOnlyForDeploymentPostprocessing = 0;
			shellPath = /bin/sh;
			shellScript = "\"${PODS_ROOT}/Target Support Files/Pods-theMoviesApp/Pods-theMoviesApp-frameworks.sh\"\n";
			showEnvVarsInLog = 0;
		};
/* End PBXShellScriptBuildPhase section */

/* Begin PBXSourcesBuildPhase section */
		427A9FE9288ECA25005FC046 /* Sources */ = {
			isa = PBXSourcesBuildPhase;
			buildActionMask = 2147483647;
			files = (
				427AA00B288ECB56005FC046 /* HomeView.swift in Sources */,
				427AA02E288F383F005FC046 /* MovieDetail.swift in Sources */,
				427AA010288ECC37005FC046 /* HomeRouter.swift in Sources */,
				427AA01C288EE4DF005FC046 /* Movies.swift in Sources */,
				427AA02C288F3738005FC046 /* DetailRouter.swift in Sources */,
				427A9FF1288ECA25005FC046 /* AppDelegate.swift in Sources */,
				427AA01A288EE3DF005FC046 /* ManagerConnections.swift in Sources */,
				427AA026288F3092005FC046 /* DetailView.swift in Sources */,
				427AA023288F0831005FC046 /* Extensions.swift in Sources */,
				427AA02A288F35A2005FC046 /* DetailViewModel.swift in Sources */,
				427AA01F288EF96A005FC046 /* CustomMovieCell.swift in Sources */,
				427AA014288ECE06005FC046 /* HomeViewModel.swift in Sources */,
				427A9FF3288ECA25005FC046 /* SceneDelegate.swift in Sources */,
				427AA017288ED496005FC046 /* Constants.swift in Sources */,
			);
			runOnlyForDeploymentPostprocessing = 0;
		};
/* End PBXSourcesBuildPhase section */

/* Begin PBXVariantGroup section */
		427A9FFB288ECA27005FC046 /* LaunchScreen.storyboard */ = {
			isa = PBXVariantGroup;
			children = (
				427A9FFC288ECA27005FC046 /* Base */,
			);
			name = LaunchScreen.storyboard;
			sourceTree = "<group>";
		};
/* End PBXVariantGroup section */

/* Begin XCBuildConfiguration section */
		427A9FFF288ECA27005FC046 /* Debug */ = {
			isa = XCBuildConfiguration;
			buildSettings = {
				ALWAYS_SEARCH_USER_PATHS = NO;
				CLANG_ANALYZER_NONNULL = YES;
				CLANG_ANALYZER_NUMBER_OBJECT_CONVERSION = YES_AGGRESSIVE;
				CLANG_CXX_LANGUAGE_STANDARD = "gnu++17";
				CLANG_ENABLE_MODULES = YES;
				CLANG_ENABLE_OBJC_ARC = YES;
				CLANG_ENABLE_OBJC_WEAK = YES;
				CLANG_WARN_BLOCK_CAPTURE_AUTORELEASING = YES;
				CLANG_WARN_BOOL_CONVERSION = YES;
				CLANG_WARN_COMMA = YES;
				CLANG_WARN_CONSTANT_CONVERSION = YES;
				CLANG_WARN_DEPRECATED_OBJC_IMPLEMENTATIONS = YES;
				CLANG_WARN_DIRECT_OBJC_ISA_USAGE = YES_ERROR;
				CLANG_WARN_DOCUMENTATION_COMMENTS = YES;
				CLANG_WARN_EMPTY_BODY = YES;
				CLANG_WARN_ENUM_CONVERSION = YES;
				CLANG_WARN_INFINITE_RECURSION = YES;
				CLANG_WARN_INT_CONVERSION = YES;
				CLANG_WARN_NON_LITERAL_NULL_CONVERSION = YES;
				CLANG_WARN_OBJC_IMPLICIT_RETAIN_SELF = YES;
				CLANG_WARN_OBJC_LITERAL_CONVERSION = YES;
				CLANG_WARN_OBJC_ROOT_CLASS = YES_ERROR;
				CLANG_WARN_QUOTED_INCLUDE_IN_FRAMEWORK_HEADER = YES;
				CLANG_WARN_RANGE_LOOP_ANALYSIS = YES;
				CLANG_WARN_STRICT_PROTOTYPES = YES;
				CLANG_WARN_SUSPICIOUS_MOVE = YES;
				CLANG_WARN_UNGUARDED_AVAILABILITY = YES_AGGRESSIVE;
				CLANG_WARN_UNREACHABLE_CODE = YES;
				CLANG_WARN__DUPLICATE_METHOD_MATCH = YES;
				COPY_PHASE_STRIP = NO;
				DEBUG_INFORMATION_FORMAT = dwarf;
				ENABLE_STRICT_OBJC_MSGSEND = YES;
				ENABLE_TESTABILITY = YES;
				GCC_C_LANGUAGE_STANDARD = gnu11;
				GCC_DYNAMIC_NO_PIC = NO;
				GCC_NO_COMMON_BLOCKS = YES;
				GCC_OPTIMIZATION_LEVEL = 0;
				GCC_PREPROCESSOR_DEFINITIONS = (
					"DEBUG=1",
					"$(inherited)",
				);
				GCC_WARN_64_TO_32_BIT_CONVERSION = YES;
				GCC_WARN_ABOUT_RETURN_TYPE = YES_ERROR;
				GCC_WARN_UNDECLARED_SELECTOR = YES;
				GCC_WARN_UNINITIALIZED_AUTOS = YES_AGGRESSIVE;
				GCC_WARN_UNUSED_FUNCTION = YES;
				GCC_WARN_UNUSED_VARIABLE = YES;
				IPHONEOS_DEPLOYMENT_TARGET = 15.5;
				MTL_ENABLE_DEBUG_INFO = INCLUDE_SOURCE;
				MTL_FAST_MATH = YES;
				ONLY_ACTIVE_ARCH = YES;
				SDKROOT = iphoneos;
				SWIFT_ACTIVE_COMPILATION_CONDITIONS = DEBUG;
				SWIFT_OPTIMIZATION_LEVEL = "-Onone";
			};
			name = Debug;
		};
		427AA000288ECA27005FC046 /* Release */ = {
			isa = XCBuildConfiguration;
			buildSettings = {
				ALWAYS_SEARCH_USER_PATHS = NO;
				CLANG_ANALYZER_NONNULL = YES;
				CLANG_ANALYZER_NUMBER_OBJECT_CONVERSION = YES_AGGRESSIVE;
				CLANG_CXX_LANGUAGE_STANDARD = "gnu++17";
				CLANG_ENABLE_MODULES = YES;
				CLANG_ENABLE_OBJC_ARC = YES;
				CLANG_ENABLE_OBJC_WEAK = YES;
				CLANG_WARN_BLOCK_CAPTURE_AUTORELEASING = YES;
				CLANG_WARN_BOOL_CONVERSION = YES;
				CLANG_WARN_COMMA = YES;
				CLANG_WARN_CONSTANT_CONVERSION = YES;
				CLANG_WARN_DEPRECATED_OBJC_IMPLEMENTATIONS = YES;
				CLANG_WARN_DIRECT_OBJC_ISA_USAGE = YES_ERROR;
				CLANG_WARN_DOCUMENTATION_COMMENTS = YES;
				CLANG_WARN_EMPTY_BODY = YES;
				CLANG_WARN_ENUM_CONVERSION = YES;
				CLANG_WARN_INFINITE_RECURSION = YES;
				CLANG_WARN_INT_CONVERSION = YES;
				CLANG_WARN_NON_LITERAL_NULL_CONVERSION = YES;
				CLANG_WARN_OBJC_IMPLICIT_RETAIN_SELF = YES;
				CLANG_WARN_OBJC_LITERAL_CONVERSION = YES;
				CLANG_WARN_OBJC_ROOT_CLASS = YES_ERROR;
				CLANG_WARN_QUOTED_INCLUDE_IN_FRAMEWORK_HEADER = YES;
				CLANG_WARN_RANGE_LOOP_ANALYSIS = YES;
				CLANG_WARN_STRICT_PROTOTYPES = YES;
				CLANG_WARN_SUSPICIOUS_MOVE = YES;
				CLANG_WARN_UNGUARDED_AVAILABILITY = YES_AGGRESSIVE;
				CLANG_WARN_UNREACHABLE_CODE = YES;
				CLANG_WARN__DUPLICATE_METHOD_MATCH = YES;
				COPY_PHASE_STRIP = NO;
				DEBUG_INFORMATION_FORMAT = "dwarf-with-dsym";
				ENABLE_NS_ASSERTIONS = NO;
				ENABLE_STRICT_OBJC_MSGSEND = YES;
				GCC_C_LANGUAGE_STANDARD = gnu11;
				GCC_NO_COMMON_BLOCKS = YES;
				GCC_WARN_64_TO_32_BIT_CONVERSION = YES;
				GCC_WARN_ABOUT_RETURN_TYPE = YES_ERROR;
				GCC_WARN_UNDECLARED_SELECTOR = YES;
				GCC_WARN_UNINITIALIZED_AUTOS = YES_AGGRESSIVE;
				GCC_WARN_UNUSED_FUNCTION = YES;
				GCC_WARN_UNUSED_VARIABLE = YES;
				IPHONEOS_DEPLOYMENT_TARGET = 15.5;
				MTL_ENABLE_DEBUG_INFO = NO;
				MTL_FAST_MATH = YES;
				SDKROOT = iphoneos;
				SWIFT_COMPILATION_MODE = wholemodule;
				SWIFT_OPTIMIZATION_LEVEL = "-O";
				VALIDATE_PRODUCT = YES;
			};
			name = Release;
		};
		427AA002288ECA27005FC046 /* Debug */ = {
			isa = XCBuildConfiguration;
			baseConfigurationReference = 9F0DD458548D310FAAC13E48 /* Pods-theMoviesApp.debug.xcconfig */;
			buildSettings = {
				ASSETCATALOG_COMPILER_APPICON_NAME = AppIcon;
				ASSETCATALOG_COMPILER_GLOBAL_ACCENT_COLOR_NAME = AccentColor;
				CODE_SIGN_STYLE = Automatic;
				CURRENT_PROJECT_VERSION = 1;
				GENERATE_INFOPLIST_FILE = YES;
				INFOPLIST_FILE = theMoviesApp/Info.plist;
				INFOPLIST_KEY_UIApplicationSupportsIndirectInputEvents = YES;
				INFOPLIST_KEY_UILaunchStoryboardName = LaunchScreen;
				INFOPLIST_KEY_UISupportedInterfaceOrientations_iPad = "UIInterfaceOrientationPortrait UIInterfaceOrientationPortraitUpsideDown UIInterfaceOrientationLandscapeLeft UIInterfaceOrientationLandscapeRight";
				INFOPLIST_KEY_UISupportedInterfaceOrientations_iPhone = "UIInterfaceOrientationPortrait UIInterfaceOrientationLandscapeLeft UIInterfaceOrientationLandscapeRight";
				LD_RUNPATH_SEARCH_PATHS = (
					"$(inherited)",
					"@executable_path/Frameworks",
				);
				MARKETING_VERSION = 1.0;
				PRODUCT_BUNDLE_IDENTIFIER = casa.theMoviesApp;
				PRODUCT_NAME = "$(TARGET_NAME)";
				SWIFT_EMIT_LOC_STRINGS = YES;
				SWIFT_VERSION = 5.0;
				TARGETED_DEVICE_FAMILY = "1,2";
			};
			name = Debug;
		};
		427AA003288ECA27005FC046 /* Release */ = {
			isa = XCBuildConfiguration;
			baseConfigurationReference = 5A1FFADFD12EB95645A5967C /* Pods-theMoviesApp.release.xcconfig */;
			buildSettings = {
				ASSETCATALOG_COMPILER_APPICON_NAME = AppIcon;
				ASSETCATALOG_COMPILER_GLOBAL_ACCENT_COLOR_NAME = AccentColor;
				CODE_SIGN_STYLE = Automatic;
				CURRENT_PROJECT_VERSION = 1;
				GENERATE_INFOPLIST_FILE = YES;
				INFOPLIST_FILE = theMoviesApp/Info.plist;
				INFOPLIST_KEY_UIApplicationSupportsIndirectInputEvents = YES;
				INFOPLIST_KEY_UILaunchStoryboardName = LaunchScreen;
				INFOPLIST_KEY_UISupportedInterfaceOrientations_iPad = "UIInterfaceOrientationPortrait UIInterfaceOrientationPortraitUpsideDown UIInterfaceOrientationLandscapeLeft UIInterfaceOrientationLandscapeRight";
				INFOPLIST_KEY_UISupportedInterfaceOrientations_iPhone = "UIInterfaceOrientationPortrait UIInterfaceOrientationLandscapeLeft UIInterfaceOrientationLandscapeRight";
				LD_RUNPATH_SEARCH_PATHS = (
					"$(inherited)",
					"@executable_path/Frameworks",
				);
				MARKETING_VERSION = 1.0;
				PRODUCT_BUNDLE_IDENTIFIER = casa.theMoviesApp;
				PRODUCT_NAME = "$(TARGET_NAME)";
				SWIFT_EMIT_LOC_STRINGS = YES;
				SWIFT_VERSION = 5.0;
				TARGETED_DEVICE_FAMILY = "1,2";
			};
			name = Release;
		};
/* End XCBuildConfiguration section */

/* Begin XCConfigurationList section */
		427A9FE8288ECA25005FC046 /* Build configuration list for PBXProject "theMoviesApp" */ = {
			isa = XCConfigurationList;
			buildConfigurations = (
				427A9FFF288ECA27005FC046 /* Debug */,
				427AA000288ECA27005FC046 /* Release */,
			);
			defaultConfigurationIsVisible = 0;
			defaultConfigurationName = Release;
		};
		427AA001288ECA27005FC046 /* Build configuration list for PBXNativeTarget "theMoviesApp" */ = {
			isa = XCConfigurationList;
			buildConfigurations = (
				427AA002288ECA27005FC046 /* Debug */,
				427AA003288ECA27005FC046 /* Release */,
			);
			defaultConfigurationIsVisible = 0;
			defaultConfigurationName = Release;
		};
/* End XCConfigurationList section */
	};
	rootObject = 427A9FE5288ECA25005FC046 /* Project object */;
}
